
Microsoft Visual Studio Solution File, Format Version 12.00
# Visual Studio Version 17
VisualStudioVersion = 17.0.31903.59
MinimumVisualStudioVersion = 10.0.40219.1
Project("{FAE04EC0-301F-11D3-BF4B-00C04F79EFBC}") = "FredDotNet", "FredDotNet\FredDotNet.csproj", "{1A2B3C4D-5E6F-7A8B-9C0D-1E2F3A4B5C6D}"
EndProject
Project("{FAE04EC0-301F-11D3-BF4B-00C04F79EFBC}") = "FredDotNet.Tests", "FredDotNet.Tests\FredDotNet.Tests.csproj", "{2B3C4D5E-6F7A-8B9C-0D1E-2F3A4B5C6D7E}"
EndProject
Project("{FAE04EC0-301F-11D3-BF4B-00C04F79EFBC}") = "ned", "ned\ned.csproj", "{458DF7C2-8862-44CB-851C-5B826F350B0B}"
EndProject
Project("{FAE04EC0-301F-11D3-BF4B-00C04F79EFBC}") = "ned.Tests", "ned.Tests\ned.Tests.csproj", "{D1951722-AEBC-417D-B316-1A6E8ED7456D}"
EndProject
Project("{FAE04EC0-301F-11D3-BF4B-00C04F79EFBC}") = "SedValidation.Tests", "SedValidation.Tests\SedValidation.Tests.csproj", "{8BA55D54-F1E7-42D6-B1E7-0AAD620B9510}"
EndProject
Project("{FAE04EC0-301F-11D3-BF4B-00C04F79EFBC}") = "GrepValidation.Tests", "GrepValidation.Tests\GrepValidation.Tests.csproj", "{450FB99E-5547-48C5-9688-4087612FAB74}"
EndProject
Project("{FAE04EC0-301F-11D3-BF4B-00C04F79EFBC}") = "AwkValidation.Tests", "AwkValidation.Tests\AwkValidation.Tests.csproj", "{17D86666-CC0D-4C60-A60F-8BC5778343DB}"
EndProject
Project("{FAE04EC0-301F-11D3-BF4B-00C04F79EFBC}") = "nrep", "nrep\nrep.csproj", "{CCF3A238-257B-4C3B-BB98-0DA997EAE570}"
EndProject
Project("{FAE04EC0-301F-11D3-BF4B-00C04F79EFBC}") = "nawk", "nawk\nawk.csproj", "{8273A274-3AE2-4A90-B0FB-C42F1E3263BA}"
EndProject
Project("{FAE04EC0-301F-11D3-BF4B-00C04F79EFBC}") = "nfind", "nfind\nfind.csproj", "{C60ACB06-0BC8-483D-A314-5CF612E1704A}"
EndProject
Project("{FAE04EC0-301F-11D3-BF4B-00C04F79EFBC}") = "fred", "fred\fred.csproj", "{48557A54-7361-425F-95C8-FD222DDC5ABB}"
EndProject
Project("{FAE04EC0-301F-11D3-BF4B-00C04F79EFBC}") = "FindValidation.Tests", "FindValidation.Tests\FindValidation.Tests.csproj", "{766DF8B5-588B-4C38-AC1F-D9DD2F6DAA22}"
EndProject
Project("{FAE04EC0-301F-11D3-BF4B-00C04F79EFBC}") = "fred-mcp", "fred-mcp\fred-mcp.csproj", "{6EC06AFE-72F5-4CCB-A294-70F593028EF0}"
EndProject
Project("{FAE04EC0-301F-11D3-BF4B-00C04F79EFBC}") = "ncurl", "ncurl\ncurl.csproj", "{9B062119-EB32-4788-B3E7-24E0F9F1A8E0}"
EndProject
Project("{FAE04EC0-301F-11D3-BF4B-00C04F79EFBC}") = "CurlValidation.Tests", "CurlValidation.Tests\CurlValidation.Tests.csproj", "{53D013C8-A242-4567-844F-F885AD450601}"
EndProject
Project("{FAE04EC0-301F-11D3-BF4B-00C04F79EFBC}") = "njq", "njq\njq.csproj", "{2BA8D50C-C659-4090-A975-96D6FFE37D13}"
EndProject
Project("{FAE04EC0-301F-11D3-BF4B-00C04F79EFBC}") = "JqValidation.Tests", "JqValidation.Tests\JqValidation.Tests.csproj", "{F9616401-BC4B-4B9E-B76A-88FE603B2F28}"
EndProject
Global
	GlobalSection(SolutionConfigurationPlatforms) = preSolution
		Debug|Any CPU = Debug|Any CPU
		Debug|x64 = Debug|x64
		Debug|x86 = Debug|x86
		Release|Any CPU = Release|Any CPU
		Release|x64 = Release|x64
		Release|x86 = Release|x86
	EndGlobalSection
	GlobalSection(ProjectConfigurationPlatforms) = postSolution
		{1A2B3C4D-5E6F-7A8B-9C0D-1E2F3A4B5C6D}.Debug|Any CPU.ActiveCfg = Debug|Any CPU
		{1A2B3C4D-5E6F-7A8B-9C0D-1E2F3A4B5C6D}.Debug|Any CPU.Build.0 = Debug|Any CPU
		{1A2B3C4D-5E6F-7A8B-9C0D-1E2F3A4B5C6D}.Debug|x64.ActiveCfg = Debug|Any CPU
		{1A2B3C4D-5E6F-7A8B-9C0D-1E2F3A4B5C6D}.Debug|x64.Build.0 = Debug|Any CPU
		{1A2B3C4D-5E6F-7A8B-9C0D-1E2F3A4B5C6D}.Debug|x86.ActiveCfg = Debug|Any CPU
		{1A2B3C4D-5E6F-7A8B-9C0D-1E2F3A4B5C6D}.Debug|x86.Build.0 = Debug|Any CPU
		{1A2B3C4D-5E6F-7A8B-9C0D-1E2F3A4B5C6D}.Release|Any CPU.ActiveCfg = Release|Any CPU
		{1A2B3C4D-5E6F-7A8B-9C0D-1E2F3A4B5C6D}.Release|Any CPU.Build.0 = Release|Any CPU
		{1A2B3C4D-5E6F-7A8B-9C0D-1E2F3A4B5C6D}.Release|x64.ActiveCfg = Release|Any CPU
		{1A2B3C4D-5E6F-7A8B-9C0D-1E2F3A4B5C6D}.Release|x64.Build.0 = Release|Any CPU
		{1A2B3C4D-5E6F-7A8B-9C0D-1E2F3A4B5C6D}.Release|x86.ActiveCfg = Release|Any CPU
		{1A2B3C4D-5E6F-7A8B-9C0D-1E2F3A4B5C6D}.Release|x86.Build.0 = Release|Any CPU
		{2B3C4D5E-6F7A-8B9C-0D1E-2F3A4B5C6D7E}.Debug|Any CPU.ActiveCfg = Debug|Any CPU
		{2B3C4D5E-6F7A-8B9C-0D1E-2F3A4B5C6D7E}.Debug|Any CPU.Build.0 = Debug|Any CPU
		{2B3C4D5E-6F7A-8B9C-0D1E-2F3A4B5C6D7E}.Debug|x64.ActiveCfg = Debug|Any CPU
		{2B3C4D5E-6F7A-8B9C-0D1E-2F3A4B5C6D7E}.Debug|x64.Build.0 = Debug|Any CPU
		{2B3C4D5E-6F7A-8B9C-0D1E-2F3A4B5C6D7E}.Debug|x86.ActiveCfg = Debug|Any CPU
		{2B3C4D5E-6F7A-8B9C-0D1E-2F3A4B5C6D7E}.Debug|x86.Build.0 = Debug|Any CPU
		{2B3C4D5E-6F7A-8B9C-0D1E-2F3A4B5C6D7E}.Release|Any CPU.ActiveCfg = Release|Any CPU
		{2B3C4D5E-6F7A-8B9C-0D1E-2F3A4B5C6D7E}.Release|Any CPU.Build.0 = Release|Any CPU
		{2B3C4D5E-6F7A-8B9C-0D1E-2F3A4B5C6D7E}.Release|x64.ActiveCfg = Release|Any CPU
		{2B3C4D5E-6F7A-8B9C-0D1E-2F3A4B5C6D7E}.Release|x64.Build.0 = Release|Any CPU
		{2B3C4D5E-6F7A-8B9C-0D1E-2F3A4B5C6D7E}.Release|x86.ActiveCfg = Release|Any CPU
		{2B3C4D5E-6F7A-8B9C-0D1E-2F3A4B5C6D7E}.Release|x86.Build.0 = Release|Any CPU
		{458DF7C2-8862-44CB-851C-5B826F350B0B}.Debug|Any CPU.ActiveCfg = Debug|Any CPU
		{458DF7C2-8862-44CB-851C-5B826F350B0B}.Debug|Any CPU.Build.0 = Debug|Any CPU
		{458DF7C2-8862-44CB-851C-5B826F350B0B}.Debug|x64.ActiveCfg = Debug|Any CPU
		{458DF7C2-8862-44CB-851C-5B826F350B0B}.Debug|x64.Build.0 = Debug|Any CPU
		{458DF7C2-8862-44CB-851C-5B826F350B0B}.Debug|x86.ActiveCfg = Debug|Any CPU
		{458DF7C2-8862-44CB-851C-5B826F350B0B}.Debug|x86.Build.0 = Debug|Any CPU
		{458DF7C2-8862-44CB-851C-5B826F350B0B}.Release|Any CPU.ActiveCfg = Release|Any CPU
		{458DF7C2-8862-44CB-851C-5B826F350B0B}.Release|Any CPU.Build.0 = Release|Any CPU
		{458DF7C2-8862-44CB-851C-5B826F350B0B}.Release|x64.ActiveCfg = Release|Any CPU
		{458DF7C2-8862-44CB-851C-5B826F350B0B}.Release|x64.Build.0 = Release|Any CPU
		{458DF7C2-8862-44CB-851C-5B826F350B0B}.Release|x86.ActiveCfg = Release|Any CPU
		{458DF7C2-8862-44CB-851C-5B826F350B0B}.Release|x86.Build.0 = Release|Any CPU
		{D1951722-AEBC-417D-B316-1A6E8ED7456D}.Debug|Any CPU.ActiveCfg = Debug|Any CPU
		{D1951722-AEBC-417D-B316-1A6E8ED7456D}.Debug|Any CPU.Build.0 = Debug|Any CPU
		{D1951722-AEBC-417D-B316-1A6E8ED7456D}.Debug|x64.ActiveCfg = Debug|Any CPU
		{D1951722-AEBC-417D-B316-1A6E8ED7456D}.Debug|x64.Build.0 = Debug|Any CPU
		{D1951722-AEBC-417D-B316-1A6E8ED7456D}.Debug|x86.ActiveCfg = Debug|Any CPU
		{D1951722-AEBC-417D-B316-1A6E8ED7456D}.Debug|x86.Build.0 = Debug|Any CPU
		{D1951722-AEBC-417D-B316-1A6E8ED7456D}.Release|Any CPU.ActiveCfg = Release|Any CPU
		{D1951722-AEBC-417D-B316-1A6E8ED7456D}.Release|Any CPU.Build.0 = Release|Any CPU
		{D1951722-AEBC-417D-B316-1A6E8ED7456D}.Release|x64.ActiveCfg = Release|Any CPU
		{D1951722-AEBC-417D-B316-1A6E8ED7456D}.Release|x64.Build.0 = Release|Any CPU
		{D1951722-AEBC-417D-B316-1A6E8ED7456D}.Release|x86.ActiveCfg = Release|Any CPU
		{D1951722-AEBC-417D-B316-1A6E8ED7456D}.Release|x86.Build.0 = Release|Any CPU
		{8BA55D54-F1E7-42D6-B1E7-0AAD620B9510}.Debug|Any CPU.ActiveCfg = Debug|Any CPU
		{8BA55D54-F1E7-42D6-B1E7-0AAD620B9510}.Debug|Any CPU.Build.0 = Debug|Any CPU
		{8BA55D54-F1E7-42D6-B1E7-0AAD620B9510}.Debug|x64.ActiveCfg = Debug|Any CPU
		{8BA55D54-F1E7-42D6-B1E7-0AAD620B9510}.Debug|x64.Build.0 = Debug|Any CPU
		{8BA55D54-F1E7-42D6-B1E7-0AAD620B9510}.Debug|x86.ActiveCfg = Debug|Any CPU
		{8BA55D54-F1E7-42D6-B1E7-0AAD620B9510}.Debug|x86.Build.0 = Debug|Any CPU
		{8BA55D54-F1E7-42D6-B1E7-0AAD620B9510}.Release|Any CPU.ActiveCfg = Release|Any CPU
		{8BA55D54-F1E7-42D6-B1E7-0AAD620B9510}.Release|Any CPU.Build.0 = Release|Any CPU
		{8BA55D54-F1E7-42D6-B1E7-0AAD620B9510}.Release|x64.ActiveCfg = Release|Any CPU
		{8BA55D54-F1E7-42D6-B1E7-0AAD620B9510}.Release|x64.Build.0 = Release|Any CPU
		{8BA55D54-F1E7-42D6-B1E7-0AAD620B9510}.Release|x86.ActiveCfg = Release|Any CPU
		{8BA55D54-F1E7-42D6-B1E7-0AAD620B9510}.Release|x86.Build.0 = Release|Any CPU
		{450FB99E-5547-48C5-9688-4087612FAB74}.Debug|Any CPU.ActiveCfg = Debug|Any CPU
		{450FB99E-5547-48C5-9688-4087612FAB74}.Debug|Any CPU.Build.0 = Debug|Any CPU
		{450FB99E-5547-48C5-9688-4087612FAB74}.Debug|x64.ActiveCfg = Debug|Any CPU
		{450FB99E-5547-48C5-9688-4087612FAB74}.Debug|x64.Build.0 = Debug|Any CPU
		{450FB99E-5547-48C5-9688-4087612FAB74}.Debug|x86.ActiveCfg = Debug|Any CPU
		{450FB99E-5547-48C5-9688-4087612FAB74}.Debug|x86.Build.0 = Debug|Any CPU
		{450FB99E-5547-48C5-9688-4087612FAB74}.Release|Any CPU.ActiveCfg = Release|Any CPU
		{450FB99E-5547-48C5-9688-4087612FAB74}.Release|Any CPU.Build.0 = Release|Any CPU
		{450FB99E-5547-48C5-9688-4087612FAB74}.Release|x64.ActiveCfg = Release|Any CPU
		{450FB99E-5547-48C5-9688-4087612FAB74}.Release|x64.Build.0 = Release|Any CPU
		{450FB99E-5547-48C5-9688-4087612FAB74}.Release|x86.ActiveCfg = Release|Any CPU
		{450FB99E-5547-48C5-9688-4087612FAB74}.Release|x86.Build.0 = Release|Any CPU
		{17D86666-CC0D-4C60-A60F-8BC5778343DB}.Debug|Any CPU.ActiveCfg = Debug|Any CPU
		{17D86666-CC0D-4C60-A60F-8BC5778343DB}.Debug|Any CPU.Build.0 = Debug|Any CPU
		{17D86666-CC0D-4C60-A60F-8BC5778343DB}.Debug|x64.ActiveCfg = Debug|Any CPU
		{17D86666-CC0D-4C60-A60F-8BC5778343DB}.Debug|x64.Build.0 = Debug|Any CPU
		{17D86666-CC0D-4C60-A60F-8BC5778343DB}.Debug|x86.ActiveCfg = Debug|Any CPU
		{17D86666-CC0D-4C60-A60F-8BC5778343DB}.Debug|x86.Build.0 = Debug|Any CPU
		{17D86666-CC0D-4C60-A60F-8BC5778343DB}.Release|Any CPU.ActiveCfg = Release|Any CPU
		{17D86666-CC0D-4C60-A60F-8BC5778343DB}.Release|Any CPU.Build.0 = Release|Any CPU
		{17D86666-CC0D-4C60-A60F-8BC5778343DB}.Release|x64.ActiveCfg = Release|Any CPU
		{17D86666-CC0D-4C60-A60F-8BC5778343DB}.Release|x64.Build.0 = Release|Any CPU
		{17D86666-CC0D-4C60-A60F-8BC5778343DB}.Release|x86.ActiveCfg = Release|Any CPU
		{17D86666-CC0D-4C60-A60F-8BC5778343DB}.Release|x86.Build.0 = Release|Any CPU
		{CCF3A238-257B-4C3B-BB98-0DA997EAE570}.Debug|Any CPU.ActiveCfg = Debug|Any CPU
		{CCF3A238-257B-4C3B-BB98-0DA997EAE570}.Debug|Any CPU.Build.0 = Debug|Any CPU
		{CCF3A238-257B-4C3B-BB98-0DA997EAE570}.Debug|x64.ActiveCfg = Debug|Any CPU
		{CCF3A238-257B-4C3B-BB98-0DA997EAE570}.Debug|x64.Build.0 = Debug|Any CPU
		{CCF3A238-257B-4C3B-BB98-0DA997EAE570}.Debug|x86.ActiveCfg = Debug|Any CPU
		{CCF3A238-257B-4C3B-BB98-0DA997EAE570}.Debug|x86.Build.0 = Debug|Any CPU
		{CCF3A238-257B-4C3B-BB98-0DA997EAE570}.Release|Any CPU.ActiveCfg = Release|Any CPU
		{CCF3A238-257B-4C3B-BB98-0DA997EAE570}.Release|Any CPU.Build.0 = Release|Any CPU
		{CCF3A238-257B-4C3B-BB98-0DA997EAE570}.Release|x64.ActiveCfg = Release|Any CPU
		{CCF3A238-257B-4C3B-BB98-0DA997EAE570}.Release|x64.Build.0 = Release|Any CPU
		{CCF3A238-257B-4C3B-BB98-0DA997EAE570}.Release|x86.ActiveCfg = Release|Any CPU
		{CCF3A238-257B-4C3B-BB98-0DA997EAE570}.Release|x86.Build.0 = Release|Any CPU
		{8273A274-3AE2-4A90-B0FB-C42F1E3263BA}.Debug|Any CPU.ActiveCfg = Debug|Any CPU
		{8273A274-3AE2-4A90-B0FB-C42F1E3263BA}.Debug|Any CPU.Build.0 = Debug|Any CPU
		{8273A274-3AE2-4A90-B0FB-C42F1E3263BA}.Debug|x64.ActiveCfg = Debug|Any CPU
		{8273A274-3AE2-4A90-B0FB-C42F1E3263BA}.Debug|x64.Build.0 = Debug|Any CPU
		{8273A274-3AE2-4A90-B0FB-C42F1E3263BA}.Debug|x86.ActiveCfg = Debug|Any CPU
		{8273A274-3AE2-4A90-B0FB-C42F1E3263BA}.Debug|x86.Build.0 = Debug|Any CPU
		{8273A274-3AE2-4A90-B0FB-C42F1E3263BA}.Release|Any CPU.ActiveCfg = Release|Any CPU
		{8273A274-3AE2-4A90-B0FB-C42F1E3263BA}.Release|Any CPU.Build.0 = Release|Any CPU
		{8273A274-3AE2-4A90-B0FB-C42F1E3263BA}.Release|x64.ActiveCfg = Release|Any CPU
		{8273A274-3AE2-4A90-B0FB-C42F1E3263BA}.Release|x64.Build.0 = Release|Any CPU
		{8273A274-3AE2-4A90-B0FB-C42F1E3263BA}.Release|x86.ActiveCfg = Release|Any CPU
		{8273A274-3AE2-4A90-B0FB-C42F1E3263BA}.Release|x86.Build.0 = Release|Any CPU
		{C60ACB06-0BC8-483D-A314-5CF612E1704A}.Debug|Any CPU.ActiveCfg = Debug|Any CPU
		{C60ACB06-0BC8-483D-A314-5CF612E1704A}.Debug|Any CPU.Build.0 = Debug|Any CPU
		{C60ACB06-0BC8-483D-A314-5CF612E1704A}.Debug|x64.ActiveCfg = Debug|Any CPU
		{C60ACB06-0BC8-483D-A314-5CF612E1704A}.Debug|x64.Build.0 = Debug|Any CPU
		{C60ACB06-0BC8-483D-A314-5CF612E1704A}.Debug|x86.ActiveCfg = Debug|Any CPU
		{C60ACB06-0BC8-483D-A314-5CF612E1704A}.Debug|x86.Build.0 = Debug|Any CPU
		{C60ACB06-0BC8-483D-A314-5CF612E1704A}.Release|Any CPU.ActiveCfg = Release|Any CPU
		{C60ACB06-0BC8-483D-A314-5CF612E1704A}.Release|Any CPU.Build.0 = Release|Any CPU
		{C60ACB06-0BC8-483D-A314-5CF612E1704A}.Release|x64.ActiveCfg = Release|Any CPU
		{C60ACB06-0BC8-483D-A314-5CF612E1704A}.Release|x64.Build.0 = Release|Any CPU
		{C60ACB06-0BC8-483D-A314-5CF612E1704A}.Release|x86.ActiveCfg = Release|Any CPU
		{C60ACB06-0BC8-483D-A314-5CF612E1704A}.Release|x86.Build.0 = Release|Any CPU
		{48557A54-7361-425F-95C8-FD222DDC5ABB}.Debug|Any CPU.ActiveCfg = Debug|Any CPU
		{48557A54-7361-425F-95C8-FD222DDC5ABB}.Debug|Any CPU.Build.0 = Debug|Any CPU
		{48557A54-7361-425F-95C8-FD222DDC5ABB}.Debug|x64.ActiveCfg = Debug|Any CPU
		{48557A54-7361-425F-95C8-FD222DDC5ABB}.Debug|x64.Build.0 = Debug|Any CPU
		{48557A54-7361-425F-95C8-FD222DDC5ABB}.Debug|x86.ActiveCfg = Debug|Any CPU
		{48557A54-7361-425F-95C8-FD222DDC5ABB}.Debug|x86.Build.0 = Debug|Any CPU
		{48557A54-7361-425F-95C8-FD222DDC5ABB}.Release|Any CPU.ActiveCfg = Release|Any CPU
		{48557A54-7361-425F-95C8-FD222DDC5ABB}.Release|Any CPU.Build.0 = Release|Any CPU
		{48557A54-7361-425F-95C8-FD222DDC5ABB}.Release|x64.ActiveCfg = Release|Any CPU
		{48557A54-7361-425F-95C8-FD222DDC5ABB}.Release|x64.Build.0 = Release|Any CPU
		{48557A54-7361-425F-95C8-FD222DDC5ABB}.Release|x86.ActiveCfg = Release|Any CPU
		{48557A54-7361-425F-95C8-FD222DDC5ABB}.Release|x86.Build.0 = Release|Any CPU
		{766DF8B5-588B-4C38-AC1F-D9DD2F6DAA22}.Debug|Any CPU.ActiveCfg = Debug|Any CPU
		{766DF8B5-588B-4C38-AC1F-D9DD2F6DAA22}.Debug|Any CPU.Build.0 = Debug|Any CPU
		{766DF8B5-588B-4C38-AC1F-D9DD2F6DAA22}.Debug|x64.ActiveCfg = Debug|Any CPU
		{766DF8B5-588B-4C38-AC1F-D9DD2F6DAA22}.Debug|x64.Build.0 = Debug|Any CPU
		{766DF8B5-588B-4C38-AC1F-D9DD2F6DAA22}.Debug|x86.ActiveCfg = Debug|Any CPU
		{766DF8B5-588B-4C38-AC1F-D9DD2F6DAA22}.Debug|x86.Build.0 = Debug|Any CPU
		{766DF8B5-588B-4C38-AC1F-D9DD2F6DAA22}.Release|Any CPU.ActiveCfg = Release|Any CPU
		{766DF8B5-588B-4C38-AC1F-D9DD2F6DAA22}.Release|Any CPU.Build.0 = Release|Any CPU
		{766DF8B5-588B-4C38-AC1F-D9DD2F6DAA22}.Release|x64.ActiveCfg = Release|Any CPU
		{766DF8B5-588B-4C38-AC1F-D9DD2F6DAA22}.Release|x64.Build.0 = Release|Any CPU
		{766DF8B5-588B-4C38-AC1F-D9DD2F6DAA22}.Release|x86.ActiveCfg = Release|Any CPU
		{766DF8B5-588B-4C38-AC1F-D9DD2F6DAA22}.Release|x86.Build.0 = Release|Any CPU
		{6EC06AFE-72F5-4CCB-A294-70F593028EF0}.Debug|Any CPU.ActiveCfg = Debug|Any CPU
		{6EC06AFE-72F5-4CCB-A294-70F593028EF0}.Debug|Any CPU.Build.0 = Debug|Any CPU
		{6EC06AFE-72F5-4CCB-A294-70F593028EF0}.Debug|x64.ActiveCfg = Debug|Any CPU
		{6EC06AFE-72F5-4CCB-A294-70F593028EF0}.Debug|x64.Build.0 = Debug|Any CPU
		{6EC06AFE-72F5-4CCB-A294-70F593028EF0}.Debug|x86.ActiveCfg = Debug|Any CPU
		{6EC06AFE-72F5-4CCB-A294-70F593028EF0}.Debug|x86.Build.0 = Debug|Any CPU
		{6EC06AFE-72F5-4CCB-A294-70F593028EF0}.Release|Any CPU.ActiveCfg = Release|Any CPU
		{6EC06AFE-72F5-4CCB-A294-70F593028EF0}.Release|Any CPU.Build.0 = Release|Any CPU
		{6EC06AFE-72F5-4CCB-A294-70F593028EF0}.Release|x64.ActiveCfg = Release|Any CPU
		{6EC06AFE-72F5-4CCB-A294-70F593028EF0}.Release|x64.Build.0 = Release|Any CPU
		{6EC06AFE-72F5-4CCB-A294-70F593028EF0}.Release|x86.ActiveCfg = Release|Any CPU
		{6EC06AFE-72F5-4CCB-A294-70F593028EF0}.Release|x86.Build.0 = Release|Any CPU
		{9B062119-EB32-4788-B3E7-24E0F9F1A8E0}.Debug|Any CPU.ActiveCfg = Debug|Any CPU
		{9B062119-EB32-4788-B3E7-24E0F9F1A8E0}.Debug|Any CPU.Build.0 = Debug|Any CPU
		{9B062119-EB32-4788-B3E7-24E0F9F1A8E0}.Debug|x64.ActiveCfg = Debug|Any CPU
		{9B062119-EB32-4788-B3E7-24E0F9F1A8E0}.Debug|x64.Build.0 = Debug|Any CPU
		{9B062119-EB32-4788-B3E7-24E0F9F1A8E0}.Debug|x86.ActiveCfg = Debug|Any CPU
		{9B062119-EB32-4788-B3E7-24E0F9F1A8E0}.Debug|x86.Build.0 = Debug|Any CPU
		{9B062119-EB32-4788-B3E7-24E0F9F1A8E0}.Release|Any CPU.ActiveCfg = Release|Any CPU
		{9B062119-EB32-4788-B3E7-24E0F9F1A8E0}.Release|Any CPU.Build.0 = Release|Any CPU
		{9B062119-EB32-4788-B3E7-24E0F9F1A8E0}.Release|x64.ActiveCfg = Release|Any CPU
		{9B062119-EB32-4788-B3E7-24E0F9F1A8E0}.Release|x64.Build.0 = Release|Any CPU
		{9B062119-EB32-4788-B3E7-24E0F9F1A8E0}.Release|x86.ActiveCfg = Release|Any CPU
		{9B062119-EB32-4788-B3E7-24E0F9F1A8E0}.Release|x86.Build.0 = Release|Any CPU
		{53D013C8-A242-4567-844F-F885AD450601}.Debug|Any CPU.ActiveCfg = Debug|Any CPU
		{53D013C8-A242-4567-844F-F885AD450601}.Debug|Any CPU.Build.0 = Debug|Any CPU
		{53D013C8-A242-4567-844F-F885AD450601}.Debug|x64.ActiveCfg = Debug|Any CPU
		{53D013C8-A242-4567-844F-F885AD450601}.Debug|x64.Build.0 = Debug|Any CPU
		{53D013C8-A242-4567-844F-F885AD450601}.Debug|x86.ActiveCfg = Debug|Any CPU
		{53D013C8-A242-4567-844F-F885AD450601}.Debug|x86.Build.0 = Debug|Any CPU
		{53D013C8-A242-4567-844F-F885AD450601}.Release|Any CPU.ActiveCfg = Release|Any CPU
		{53D013C8-A242-4567-844F-F885AD450601}.Release|Any CPU.Build.0 = Release|Any CPU
		{53D013C8-A242-4567-844F-F885AD450601}.Release|x64.ActiveCfg = Release|Any CPU
		{53D013C8-A242-4567-844F-F885AD450601}.Release|x64.Build.0 = Release|Any CPU
		{53D013C8-A242-4567-844F-F885AD450601}.Release|x86.ActiveCfg = Release|Any CPU
		{53D013C8-A242-4567-844F-F885AD450601}.Release|x86.Build.0 = Release|Any CPU
		{2BA8D50C-C659-4090-A975-96D6FFE37D13}.Debug|Any CPU.ActiveCfg = Debug|Any CPU
		{2BA8D50C-C659-4090-A975-96D6FFE37D13}.Debug|Any CPU.Build.0 = Debug|Any CPU
		{2BA8D50C-C659-4090-A975-96D6FFE37D13}.Debug|x64.ActiveCfg = Debug|Any CPU
		{2BA8D50C-C659-4090-A975-96D6FFE37D13}.Debug|x64.Build.0 = Debug|Any CPU
		{2BA8D50C-C659-4090-A975-96D6FFE37D13}.Debug|x86.ActiveCfg = Debug|Any CPU
		{2BA8D50C-C659-4090-A975-96D6FFE37D13}.Debug|x86.Build.0 = Debug|Any CPU
		{2BA8D50C-C659-4090-A975-96D6FFE37D13}.Release|Any CPU.ActiveCfg = Release|Any CPU
		{2BA8D50C-C659-4090-A975-96D6FFE37D13}.Release|Any CPU.Build.0 = Release|Any CPU
		{2BA8D50C-C659-4090-A975-96D6FFE37D13}.Release|x64.ActiveCfg = Release|Any CPU
		{2BA8D50C-C659-4090-A975-96D6FFE37D13}.Release|x64.Build.0 = Release|Any CPU
		{2BA8D50C-C659-4090-A975-96D6FFE37D13}.Release|x86.ActiveCfg = Release|Any CPU
		{2BA8D50C-C659-4090-A975-96D6FFE37D13}.Release|x86.Build.0 = Release|Any CPU
		{F9616401-BC4B-4B9E-B76A-88FE603B2F28}.Debug|Any CPU.ActiveCfg = Debug|Any CPU
		{F9616401-BC4B-4B9E-B76A-88FE603B2F28}.Debug|Any CPU.Build.0 = Debug|Any CPU
		{F9616401-BC4B-4B9E-B76A-88FE603B2F28}.Debug|x64.ActiveCfg = Debug|Any CPU
		{F9616401-BC4B-4B9E-B76A-88FE603B2F28}.Debug|x64.Build.0 = Debug|Any CPU
		{F9616401-BC4B-4B9E-B76A-88FE603B2F28}.Debug|x86.ActiveCfg = Debug|Any CPU
		{F9616401-BC4B-4B9E-B76A-88FE603B2F28}.Debug|x86.Build.0 = Debug|Any CPU
		{F9616401-BC4B-4B9E-B76A-88FE603B2F28}.Release|Any CPU.ActiveCfg = Release|Any CPU
		{F9616401-BC4B-4B9E-B76A-88FE603B2F28}.Release|Any CPU.Build.0 = Release|Any CPU
		{F9616401-BC4B-4B9E-B76A-88FE603B2F28}.Release|x64.ActiveCfg = Release|Any CPU
		{F9616401-BC4B-4B9E-B76A-88FE603B2F28}.Release|x64.Build.0 = Release|Any CPU
		{F9616401-BC4B-4B9E-B76A-88FE603B2F28}.Release|x86.ActiveCfg = Release|Any CPU
		{F9616401-BC4B-4B9E-B76A-88FE603B2F28}.Release|x86.Build.0 = Release|Any CPU
	EndGlobalSection
	GlobalSection(SolutionProperties) = preSolution
		HideSolutionNode = FALSE
	EndGlobalSection
EndGlobal
